
Microsoft Visual Studio Solution File, Format Version 12.00
# Visual Studio Version 17
VisualStudioVersion = 17.7.34031.279
MinimumVisualStudioVersion = 10.0.40219.1
Project("{FAE04EC0-301F-11D3-BF4B-00C04F79EFBC}") = "Assignment", "Assignment\Assignment.csproj", "{12EFCA4A-E44A-4F99-AC4B-FA80868C1270}"
EndProject
Project("{FAE04EC0-301F-11D3-BF4B-00C04F79EFBC}") = "DataLayer", "DataLayer\DataLayer.csproj", "{63F59F25-CD70-4CE0-A9AF-C534D15C9177}"
EndProject
Project("{FAE04EC0-301F-11D3-BF4B-00C04F79EFBC}") = "BusinessLayer", "BusinessLayer\BusinessLayer.csproj", "{12AE0D07-DB4F-4634-A4AE-8A5F32E1B998}"
EndProject
Global
	GlobalSection(SolutionConfigurationPlatforms) = preSolution
		Debug|Any CPU = Debug|Any CPU
		Release|Any CPU = Release|Any CPU
	EndGlobalSection
	GlobalSection(ProjectConfigurationPlatforms) = postSolution
		{12EFCA4A-E44A-4F99-AC4B-FA80868C1270}.Debug|Any CPU.ActiveCfg = Debug|Any CPU
		{12EFCA4A-E44A-4F99-AC4B-FA80868C1270}.Debug|Any CPU.Build.0 = Debug|Any CPU
		{12EFCA4A-E44A-4F99-AC4B-FA80868C1270}.Release|Any CPU.ActiveCfg = Release|Any CPU
		{12EFCA4A-E44A-4F99-AC4B-FA80868C1270}.Release|Any CPU.Build.0 = Release|Any CPU
		{63F59F25-CD70-4CE0-A9AF-C534D15C9177}.Debug|Any CPU.ActiveCfg = Debug|Any CPU
		{63F59F25-CD70-4CE0-A9AF-C534D15C9177}.Debug|Any CPU.Build.0 = Debug|Any CPU
		{63F59F25-CD70-4CE0-A9AF-C534D15C9177}.Release|Any CPU.ActiveCfg = Release|Any CPU
		{63F59F25-CD70-4CE0-A9AF-C534D15C9177}.Release|Any CPU.Build.0 = Release|Any CPU
		{12AE0D07-DB4F-4634-A4AE-8A5F32E1B998}.Debug|Any CPU.ActiveCfg = Debug|Any CPU
		{12AE0D07-DB4F-4634-A4AE-8A5F32E1B998}.Debug|Any CPU.Build.0 = Debug|Any CPU
		{12AE0D07-DB4F-4634-A4AE-8A5F32E1B998}.Release|Any CPU.ActiveCfg = Release|Any CPU
		{12AE0D07-DB4F-4634-A4AE-8A5F32E1B998}.Release|Any CPU.Build.0 = Release|Any CPU
	EndGlobalSection
	GlobalSection(SolutionProperties) = preSolution
		HideSolutionNode = FALSE
	EndGlobalSection
	GlobalSection(ExtensibilityGlobals) = postSolution
		SolutionGuid = {0C26A630-D221-4DB9-9BD7-DDF9F6E0BC31}
	EndGlobalSection
EndGlobal
